// !$*UTF8*$!
{
	archiveVersion = 1;
	classes = {
	};
	objectVersion = 51;
	objects = {

/* Begin PBXBuildFile section */
		A332EE4924082D6800395776 /* LoginViewController.swift in Sources */ = {isa = PBXBuildFile; fileRef = A332EE4824082D6800395776 /* LoginViewController.swift */; };
		A332EE4B24082D7A00395776 /* FeedViewController.swift in Sources */ = {isa = PBXBuildFile; fileRef = A332EE4A24082D7A00395776 /* FeedViewController.swift */; };
		A332EE4D24086DB700395776 /* CameraViewController.swift in Sources */ = {isa = PBXBuildFile; fileRef = A332EE4C24086DB700395776 /* CameraViewController.swift */; };
		A332EE4F2408827B00395776 /* PostCell.swift in Sources */ = {isa = PBXBuildFile; fileRef = A332EE4E2408827B00395776 /* PostCell.swift */; };
		A380A1712411F2CB006792A5 /* CommentCell.swift in Sources */ = {isa = PBXBuildFile; fileRef = A380A1702411F2CB006792A5 /* CommentCell.swift */; };
		A38DC7EE2408298400C96509 /* AppDelegate.swift in Sources */ = {isa = PBXBuildFile; fileRef = A38DC7ED2408298400C96509 /* AppDelegate.swift */; };
		A38DC7F02408298400C96509 /* SceneDelegate.swift in Sources */ = {isa = PBXBuildFile; fileRef = A38DC7EF2408298400C96509 /* SceneDelegate.swift */; };
		A38DC7F52408298400C96509 /* Main.storyboard in Resources */ = {isa = PBXBuildFile; fileRef = A38DC7F32408298400C96509 /* Main.storyboard */; };
		A38DC7F72408298C00C96509 /* Assets.xcassets in Resources */ = {isa = PBXBuildFile; fileRef = A38DC7F62408298C00C96509 /* Assets.xcassets */; };
		A38DC7FA2408298C00C96509 /* LaunchScreen.storyboard in Resources */ = {isa = PBXBuildFile; fileRef = A38DC7F82408298C00C96509 /* LaunchScreen.storyboard */; };
		A38DC8052408298D00C96509 /* ParstagramTests.swift in Sources */ = {isa = PBXBuildFile; fileRef = A38DC8042408298D00C96509 /* ParstagramTests.swift */; };
		A38DC8102408298D00C96509 /* ParstagramUITests.swift in Sources */ = {isa = PBXBuildFile; fileRef = A38DC80F2408298D00C96509 /* ParstagramUITests.swift */; };
		AF74CDA42925A3E3A483C7C0 /* Pods_Parstagram.framework in Frameworks */ = {isa = PBXBuildFile; fileRef = 272377CAC2AC962194929374 /* Pods_Parstagram.framework */; };
		EC82E7CC714FEBEBB049F9FD /* Pods_Parstagram_ParstagramUITests.framework in Frameworks */ = {isa = PBXBuildFile; fileRef = 05E1C14FBAE5AAA10D840780 /* Pods_Parstagram_ParstagramUITests.framework */; };
		F6FDABCBD8C1140E5ECC6CEC /* Pods_ParstagramTests.framework in Frameworks */ = {isa = PBXBuildFile; fileRef = 7A7BD08F789009FA56B40583 /* Pods_ParstagramTests.framework */; };
/* End PBXBuildFile section */

/* Begin PBXContainerItemProxy section */
		A38DC8012408298D00C96509 /* PBXContainerItemProxy */ = {
			isa = PBXContainerItemProxy;
			containerPortal = A38DC7E22408298400C96509 /* Project object */;
			proxyType = 1;
			remoteGlobalIDString = A38DC7E92408298400C96509;
			remoteInfo = Parstagram;
		};
		A38DC80C2408298D00C96509 /* PBXContainerItemProxy */ = {
			isa = PBXContainerItemProxy;
			containerPortal = A38DC7E22408298400C96509 /* Project object */;
			proxyType = 1;
			remoteGlobalIDString = A38DC7E92408298400C96509;
			remoteInfo = Parstagram;
		};
/* End PBXContainerItemProxy section */

/* Begin PBXFileReference section */
		0059DE6C4A4CFB89FC9D529B /* Pods-Parstagram.release.xcconfig */ = {isa = PBXFileReference; includeInIndex = 1; lastKnownFileType = text.xcconfig; name = "Pods-Parstagram.release.xcconfig"; path = "Target Support Files/Pods-Parstagram/Pods-Parstagram.release.xcconfig"; sourceTree = "<group>"; };
		05E1C14FBAE5AAA10D840780 /* Pods_Parstagram_ParstagramUITests.framework */ = {isa = PBXFileReference; explicitFileType = wrapper.framework; includeInIndex = 0; path = Pods_Parstagram_ParstagramUITests.framework; sourceTree = BUILT_PRODUCTS_DIR; };
		1CC0AF0864AA0B508350CCBE /* Pods-Parstagram.debug.xcconfig */ = {isa = PBXFileReference; includeInIndex = 1; lastKnownFileType = text.xcconfig; name = "Pods-Parstagram.debug.xcconfig"; path = "Target Support Files/Pods-Parstagram/Pods-Parstagram.debug.xcconfig"; sourceTree = "<group>"; };
		272377CAC2AC962194929374 /* Pods_Parstagram.framework */ = {isa = PBXFileReference; explicitFileType = wrapper.framework; includeInIndex = 0; path = Pods_Parstagram.framework; sourceTree = BUILT_PRODUCTS_DIR; };
		465CCD7B06E50404E65AD99E /* Pods-Parstagram-ParstagramUITests.release.xcconfig */ = {isa = PBXFileReference; includeInIndex = 1; lastKnownFileType = text.xcconfig; name = "Pods-Parstagram-ParstagramUITests.release.xcconfig"; path = "Target Support Files/Pods-Parstagram-ParstagramUITests/Pods-Parstagram-ParstagramUITests.release.xcconfig"; sourceTree = "<group>"; };
		529FB6F1C9758A416087AC77 /* Pods-ParstagramTests.release.xcconfig */ = {isa = PBXFileReference; includeInIndex = 1; lastKnownFileType = text.xcconfig; name = "Pods-ParstagramTests.release.xcconfig"; path = "Target Support Files/Pods-ParstagramTests/Pods-ParstagramTests.release.xcconfig"; sourceTree = "<group>"; };
		7A7BD08F789009FA56B40583 /* Pods_ParstagramTests.framework */ = {isa = PBXFileReference; explicitFileType = wrapper.framework; includeInIndex = 0; path = Pods_ParstagramTests.framework; sourceTree = BUILT_PRODUCTS_DIR; };
		A0551A21840F0BD26D3F6756 /* Pods-Parstagram-ParstagramUITests.debug.xcconfig */ = {isa = PBXFileReference; includeInIndex = 1; lastKnownFileType = text.xcconfig; name = "Pods-Parstagram-ParstagramUITests.debug.xcconfig"; path = "Target Support Files/Pods-Parstagram-ParstagramUITests/Pods-Parstagram-ParstagramUITests.debug.xcconfig"; sourceTree = "<group>"; };
		A332EE4824082D6800395776 /* LoginViewController.swift */ = {isa = PBXFileReference; lastKnownFileType = sourcecode.swift; path = LoginViewController.swift; sourceTree = "<group>"; };
		A332EE4A24082D7A00395776 /* FeedViewController.swift */ = {isa = PBXFileReference; lastKnownFileType = sourcecode.swift; path = FeedViewController.swift; sourceTree = "<group>"; };
		A332EE4C24086DB700395776 /* CameraViewController.swift */ = {isa = PBXFileReference; lastKnownFileType = sourcecode.swift; path = CameraViewController.swift; sourceTree = "<group>"; };
		A332EE4E2408827B00395776 /* PostCell.swift */ = {isa = PBXFileReference; lastKnownFileType = sourcecode.swift; path = PostCell.swift; sourceTree = "<group>"; };
		A380A1702411F2CB006792A5 /* CommentCell.swift */ = {isa = PBXFileReference; lastKnownFileType = sourcecode.swift; path = CommentCell.swift; sourceTree = "<group>"; };
		A38DC7EA2408298400C96509 /* Parstagram.app */ = {isa = PBXFileReference; explicitFileType = wrapper.application; includeInIndex = 0; path = Parstagram.app; sourceTree = BUILT_PRODUCTS_DIR; };
		A38DC7ED2408298400C96509 /* AppDelegate.swift */ = {isa = PBXFileReference; lastKnownFileType = sourcecode.swift; path = AppDelegate.swift; sourceTree = "<group>"; };
		A38DC7EF2408298400C96509 /* SceneDelegate.swift */ = {isa = PBXFileReference; lastKnownFileType = sourcecode.swift; path = SceneDelegate.swift; sourceTree = "<group>"; };
		A38DC7F42408298400C96509 /* Base */ = {isa = PBXFileReference; lastKnownFileType = file.storyboard; name = Base; path = Base.lproj/Main.storyboard; sourceTree = "<group>"; };
		A38DC7F62408298C00C96509 /* Assets.xcassets */ = {isa = PBXFileReference; lastKnownFileType = folder.assetcatalog; path = Assets.xcassets; sourceTree = "<group>"; };
		A38DC7F92408298C00C96509 /* Base */ = {isa = PBXFileReference; lastKnownFileType = file.storyboard; name = Base; path = Base.lproj/LaunchScreen.storyboard; sourceTree = "<group>"; };
		A38DC7FB2408298C00C96509 /* Info.plist */ = {isa = PBXFileReference; lastKnownFileType = text.plist.xml; path = Info.plist; sourceTree = "<group>"; };
		A38DC8002408298D00C96509 /* ParstagramTests.xctest */ = {isa = PBXFileReference; explicitFileType = wrapper.cfbundle; includeInIndex = 0; path = ParstagramTests.xctest; sourceTree = BUILT_PRODUCTS_DIR; };
		A38DC8042408298D00C96509 /* ParstagramTests.swift */ = {isa = PBXFileReference; lastKnownFileType = sourcecode.swift; path = ParstagramTests.swift; sourceTree = "<group>"; };
		A38DC8062408298D00C96509 /* Info.plist */ = {isa = PBXFileReference; lastKnownFileType = text.plist.xml; path = Info.plist; sourceTree = "<group>"; };
		A38DC80B2408298D00C96509 /* ParstagramUITests.xctest */ = {isa = PBXFileReference; explicitFileType = wrapper.cfbundle; includeInIndex = 0; path = ParstagramUITests.xctest; sourceTree = BUILT_PRODUCTS_DIR; };
		A38DC80F2408298D00C96509 /* ParstagramUITests.swift */ = {isa = PBXFileReference; lastKnownFileType = sourcecode.swift; path = ParstagramUITests.swift; sourceTree = "<group>"; };
		A38DC8112408298D00C96509 /* Info.plist */ = {isa = PBXFileReference; lastKnownFileType = text.plist.xml; path = Info.plist; sourceTree = "<group>"; };
		D41599A03E810C97E809F63B /* Pods-ParstagramTests.debug.xcconfig */ = {isa = PBXFileReference; includeInIndex = 1; lastKnownFileType = text.xcconfig; name = "Pods-ParstagramTests.debug.xcconfig"; path = "Target Support Files/Pods-ParstagramTests/Pods-ParstagramTests.debug.xcconfig"; sourceTree = "<group>"; };
/* End PBXFileReference section */

/* Begin PBXFrameworksBuildPhase section */
		A38DC7E72408298400C96509 /* Frameworks */ = {
			isa = PBXFrameworksBuildPhase;
			buildActionMask = 2147483647;
			files = (
				AF74CDA42925A3E3A483C7C0 /* Pods_Parstagram.framework in Frameworks */,
			);
			runOnlyForDeploymentPostprocessing = 0;
		};
		A38DC7FD2408298D00C96509 /* Frameworks */ = {
			isa = PBXFrameworksBuildPhase;
			buildActionMask = 2147483647;
			files = (
				F6FDABCBD8C1140E5ECC6CEC /* Pods_ParstagramTests.framework in Frameworks */,
			);
			runOnlyForDeploymentPostprocessing = 0;
		};
		A38DC8082408298D00C96509 /* Frameworks */ = {
			isa = PBXFrameworksBuildPhase;
			buildActionMask = 2147483647;
			files = (
				EC82E7CC714FEBEBB049F9FD /* Pods_Parstagram_ParstagramUITests.framework in Frameworks */,
			);
			runOnlyForDeploymentPostprocessing = 0;
		};
/* End PBXFrameworksBuildPhase section */

/* Begin PBXGroup section */
		2E282FD63DEEF7301785DA0E /* Pods */ = {
			isa = PBXGroup;
			children = (
				1CC0AF0864AA0B508350CCBE /* Pods-Parstagram.debug.xcconfig */,
				0059DE6C4A4CFB89FC9D529B /* Pods-Parstagram.release.xcconfig */,
				A0551A21840F0BD26D3F6756 /* Pods-Parstagram-ParstagramUITests.debug.xcconfig */,
				465CCD7B06E50404E65AD99E /* Pods-Parstagram-ParstagramUITests.release.xcconfig */,
				D41599A03E810C97E809F63B /* Pods-ParstagramTests.debug.xcconfig */,
				529FB6F1C9758A416087AC77 /* Pods-ParstagramTests.release.xcconfig */,
			);
			path = Pods;
			sourceTree = "<group>";
		};
		A38DC7E12408298400C96509 = {
			isa = PBXGroup;
			children = (
				A38DC7EC2408298400C96509 /* Parstagram */,
				A38DC8032408298D00C96509 /* ParstagramTests */,
				A38DC80E2408298D00C96509 /* ParstagramUITests */,
				A38DC7EB2408298400C96509 /* Products */,
				2E282FD63DEEF7301785DA0E /* Pods */,
				A5D6C662EEBA468309399CC2 /* Frameworks */,
			);
			sourceTree = "<group>";
		};
		A38DC7EB2408298400C96509 /* Products */ = {
			isa = PBXGroup;
			children = (
				A38DC7EA2408298400C96509 /* Parstagram.app */,
				A38DC8002408298D00C96509 /* ParstagramTests.xctest */,
				A38DC80B2408298D00C96509 /* ParstagramUITests.xctest */,
			);
			name = Products;
			sourceTree = "<group>";
		};
		A38DC7EC2408298400C96509 /* Parstagram */ = {
			isa = PBXGroup;
			children = (
				A38DC7ED2408298400C96509 /* AppDelegate.swift */,
				A38DC7EF2408298400C96509 /* SceneDelegate.swift */,
				A38DC7F32408298400C96509 /* Main.storyboard */,
				A38DC7F62408298C00C96509 /* Assets.xcassets */,
				A38DC7F82408298C00C96509 /* LaunchScreen.storyboard */,
				A38DC7FB2408298C00C96509 /* Info.plist */,
				A332EE4824082D6800395776 /* LoginViewController.swift */,
				A332EE4A24082D7A00395776 /* FeedViewController.swift */,
				A332EE4C24086DB700395776 /* CameraViewController.swift */,
				A332EE4E2408827B00395776 /* PostCell.swift */,
				A380A1702411F2CB006792A5 /* CommentCell.swift */,
			);
			path = Parstagram;
			sourceTree = "<group>";
		};
		A38DC8032408298D00C96509 /* ParstagramTests */ = {
			isa = PBXGroup;
			children = (
				A38DC8042408298D00C96509 /* ParstagramTests.swift */,
				A38DC8062408298D00C96509 /* Info.plist */,
			);
			path = ParstagramTests;
			sourceTree = "<group>";
		};
		A38DC80E2408298D00C96509 /* ParstagramUITests */ = {
			isa = PBXGroup;
			children = (
				A38DC80F2408298D00C96509 /* ParstagramUITests.swift */,
				A38DC8112408298D00C96509 /* Info.plist */,
			);
			path = ParstagramUITests;
			sourceTree = "<group>";
		};
		A5D6C662EEBA468309399CC2 /* Frameworks */ = {
			isa = PBXGroup;
			children = (
				272377CAC2AC962194929374 /* Pods_Parstagram.framework */,
				05E1C14FBAE5AAA10D840780 /* Pods_Parstagram_ParstagramUITests.framework */,
				7A7BD08F789009FA56B40583 /* Pods_ParstagramTests.framework */,
			);
			name = Frameworks;
			sourceTree = "<group>";
		};
/* End PBXGroup section */

/* Begin PBXNativeTarget section */
		A38DC7E92408298400C96509 /* Parstagram */ = {
			isa = PBXNativeTarget;
			buildConfigurationList = A38DC8142408298D00C96509 /* Build configuration list for PBXNativeTarget "Parstagram" */;
			buildPhases = (
				02EA565A009B0FAE682959BD /* [CP] Check Pods Manifest.lock */,
				A38DC7E62408298400C96509 /* Sources */,
				A38DC7E72408298400C96509 /* Frameworks */,
				A38DC7E82408298400C96509 /* Resources */,
				DD7CA1ED0664CA0F7DC00FF6 /* [CP] Embed Pods Frameworks */,
			);
			buildRules = (
			);
			dependencies = (
			);
			name = Parstagram;
			productName = Parstagram;
			productReference = A38DC7EA2408298400C96509 /* Parstagram.app */;
			productType = "com.apple.product-type.application";
		};
		A38DC7FF2408298D00C96509 /* ParstagramTests */ = {
			isa = PBXNativeTarget;
			buildConfigurationList = A38DC8172408298D00C96509 /* Build configuration list for PBXNativeTarget "ParstagramTests" */;
			buildPhases = (
				3A21D76BF68E66F1B5731711 /* [CP] Check Pods Manifest.lock */,
				A38DC7FC2408298D00C96509 /* Sources */,
				A38DC7FD2408298D00C96509 /* Frameworks */,
				A38DC7FE2408298D00C96509 /* Resources */,
			);
			buildRules = (
			);
			dependencies = (
				A38DC8022408298D00C96509 /* PBXTargetDependency */,
			);
			name = ParstagramTests;
			productName = ParstagramTests;
			productReference = A38DC8002408298D00C96509 /* ParstagramTests.xctest */;
			productType = "com.apple.product-type.bundle.unit-test";
		};
		A38DC80A2408298D00C96509 /* ParstagramUITests */ = {
			isa = PBXNativeTarget;
			buildConfigurationList = A38DC81A2408298D00C96509 /* Build configuration list for PBXNativeTarget "ParstagramUITests" */;
			buildPhases = (
				6AC36635060E87027631EDBC /* [CP] Check Pods Manifest.lock */,
				A38DC8072408298D00C96509 /* Sources */,
				A38DC8082408298D00C96509 /* Frameworks */,
				A38DC8092408298D00C96509 /* Resources */,
				8B6EBE2C677F6853073D96AA /* [CP] Embed Pods Frameworks */,
			);
			buildRules = (
			);
			dependencies = (
				A38DC80D2408298D00C96509 /* PBXTargetDependency */,
			);
			name = ParstagramUITests;
			productName = ParstagramUITests;
			productReference = A38DC80B2408298D00C96509 /* ParstagramUITests.xctest */;
			productType = "com.apple.product-type.bundle.ui-testing";
		};
/* End PBXNativeTarget section */

/* Begin PBXProject section */
		A38DC7E22408298400C96509 /* Project object */ = {
			isa = PBXProject;
			attributes = {
				LastSwiftUpdateCheck = 1130;
				LastUpgradeCheck = 1130;
				ORGANIZATIONNAME = "Pernille Dahl";
				TargetAttributes = {
					A38DC7E92408298400C96509 = {
						CreatedOnToolsVersion = 11.3.1;
					};
					A38DC7FF2408298D00C96509 = {
						CreatedOnToolsVersion = 11.3.1;
						TestTargetID = A38DC7E92408298400C96509;
					};
					A38DC80A2408298D00C96509 = {
						CreatedOnToolsVersion = 11.3.1;
						TestTargetID = A38DC7E92408298400C96509;
					};
				};
			};
			buildConfigurationList = A38DC7E52408298400C96509 /* Build configuration list for PBXProject "Parstagram" */;
			compatibilityVersion = "Xcode 9.3";
			developmentRegion = en;
			hasScannedForEncodings = 0;
			knownRegions = (
				en,
				Base,
			);
			mainGroup = A38DC7E12408298400C96509;
			productRefGroup = A38DC7EB2408298400C96509 /* Products */;
			projectDirPath = "";
			projectRoot = "";
			targets = (
				A38DC7E92408298400C96509 /* Parstagram */,
				A38DC7FF2408298D00C96509 /* ParstagramTests */,
				A38DC80A2408298D00C96509 /* ParstagramUITests */,
			);
		};
/* End PBXProject section */

/* Begin PBXResourcesBuildPhase section */
		A38DC7E82408298400C96509 /* Resources */ = {
			isa = PBXResourcesBuildPhase;
			buildActionMask = 2147483647;
			files = (
				A38DC7FA2408298C00C96509 /* LaunchScreen.storyboard in Resources */,
				A38DC7F72408298C00C96509 /* Assets.xcassets in Resources */,
				A38DC7F52408298400C96509 /* Main.storyboard in Resources */,
			);
			runOnlyForDeploymentPostprocessing = 0;
		};
		A38DC7FE2408298D00C96509 /* Resources */ = {
			isa = PBXResourcesBuildPhase;
			buildActionMask = 2147483647;
			files = (
			);
			runOnlyForDeploymentPostprocessing = 0;
		};
		A38DC8092408298D00C96509 /* Resources */ = {
			isa = PBXResourcesBuildPhase;
			buildActionMask = 2147483647;
			files = (
			);
			runOnlyForDeploymentPostprocessing = 0;
		};
/* End PBXResourcesBuildPhase section */

/* Begin PBXShellScriptBuildPhase section */
		02EA565A009B0FAE682959BD /* [CP] Check Pods Manifest.lock */ = {
			isa = PBXShellScriptBuildPhase;
			buildActionMask = 2147483647;
			files = (
			);
			inputFileListPaths = (
			);
			inputPaths = (
				"${PODS_PODFILE_DIR_PATH}/Podfile.lock",
				"${PODS_ROOT}/Manifest.lock",
			);
			name = "[CP] Check Pods Manifest.lock";
			outputFileListPaths = (
			);
			outputPaths = (
				"$(DERIVED_FILE_DIR)/Pods-Parstagram-checkManifestLockResult.txt",
			);
			runOnlyForDeploymentPostprocessing = 0;
			shellPath = /bin/sh;
			shellScript = "diff \"${PODS_PODFILE_DIR_PATH}/Podfile.lock\" \"${PODS_ROOT}/Manifest.lock\" > /dev/null\nif [ $? != 0 ] ; then\n    # print error to STDERR\n    echo \"error: The sandbox is not in sync with the Podfile.lock. Run 'pod install' or update your CocoaPods installation.\" >&2\n    exit 1\nfi\n# This output is used by Xcode 'outputs' to avoid re-running this script phase.\necho \"SUCCESS\" > \"${SCRIPT_OUTPUT_FILE_0}\"\n";
			showEnvVarsInLog = 0;
		};
		3A21D76BF68E66F1B5731711 /* [CP] Check Pods Manifest.lock */ = {
			isa = PBXShellScriptBuildPhase;
			buildActionMask = 2147483647;
			files = (
			);
			inputFileListPaths = (
			);
			inputPaths = (
				"${PODS_PODFILE_DIR_PATH}/Podfile.lock",
				"${PODS_ROOT}/Manifest.lock",
			);
			name = "[CP] Check Pods Manifest.lock";
			outputFileListPaths = (
			);
			outputPaths = (
				"$(DERIVED_FILE_DIR)/Pods-ParstagramTests-checkManifestLockResult.txt",
			);
			runOnlyForDeploymentPostprocessing = 0;
			shellPath = /bin/sh;
			shellScript = "diff \"${PODS_PODFILE_DIR_PATH}/Podfile.lock\" \"${PODS_ROOT}/Manifest.lock\" > /dev/null\nif [ $? != 0 ] ; then\n    # print error to STDERR\n    echo \"error: The sandbox is not in sync with the Podfile.lock. Run 'pod install' or update your CocoaPods installation.\" >&2\n    exit 1\nfi\n# This output is used by Xcode 'outputs' to avoid re-running this script phase.\necho \"SUCCESS\" > \"${SCRIPT_OUTPUT_FILE_0}\"\n";
			showEnvVarsInLog = 0;
		};
		6AC36635060E87027631EDBC /* [CP] Check Pods Manifest.lock */ = {
			isa = PBXShellScriptBuildPhase;
			buildActionMask = 2147483647;
			files = (
			);
			inputFileListPaths = (
			);
			inputPaths = (
				"${PODS_PODFILE_DIR_PATH}/Podfile.lock",
				"${PODS_ROOT}/Manifest.lock",
			);
			name = "[CP] Check Pods Manifest.lock";
			outputFileListPaths = (
			);
			outputPaths = (
				"$(DERIVED_FILE_DIR)/Pods-Parstagram-ParstagramUITests-checkManifestLockResult.txt",
			);
			runOnlyForDeploymentPostprocessing = 0;
			shellPath = /bin/sh;
			shellScript = "diff \"${PODS_PODFILE_DIR_PATH}/Podfile.lock\" \"${PODS_ROOT}/Manifest.lock\" > /dev/null\nif [ $? != 0 ] ; then\n    # print error to STDERR\n    echo \"error: The sandbox is not in sync with the Podfile.lock. Run 'pod install' or update your CocoaPods installation.\" >&2\n    exit 1\nfi\n# This output is used by Xcode 'outputs' to avoid re-running this script phase.\necho \"SUCCESS\" > \"${SCRIPT_OUTPUT_FILE_0}\"\n";
			showEnvVarsInLog = 0;
		};
		8B6EBE2C677F6853073D96AA /* [CP] Embed Pods Frameworks */ = {
			isa = PBXShellScriptBuildPhase;
			buildActionMask = 2147483647;
			files = (
			);
			inputFileListPaths = (
				"${PODS_ROOT}/Target Support Files/Pods-Parstagram-ParstagramUITests/Pods-Parstagram-ParstagramUITests-frameworks-${CONFIGURATION}-input-files.xcfilelist",
			);
			name = "[CP] Embed Pods Frameworks";
			outputFileListPaths = (
				"${PODS_ROOT}/Target Support Files/Pods-Parstagram-ParstagramUITests/Pods-Parstagram-ParstagramUITests-frameworks-${CONFIGURATION}-output-files.xcfilelist",
			);
			runOnlyForDeploymentPostprocessing = 0;
			shellPath = /bin/sh;
			shellScript = "\"${PODS_ROOT}/Target Support Files/Pods-Parstagram-ParstagramUITests/Pods-Parstagram-ParstagramUITests-frameworks.sh\"\n";
			showEnvVarsInLog = 0;
		};
		DD7CA1ED0664CA0F7DC00FF6 /* [CP] Embed Pods Frameworks */ = {
			isa = PBXShellScriptBuildPhase;
			buildActionMask = 2147483647;
			files = (
			);
			inputFileListPaths = (
				"${PODS_ROOT}/Target Support Files/Pods-Parstagram/Pods-Parstagram-frameworks-${CONFIGURATION}-input-files.xcfilelist",
			);
			name = "[CP] Embed Pods Frameworks";
			outputFileListPaths = (
				"${PODS_ROOT}/Target Support Files/Pods-Parstagram/Pods-Parstagram-frameworks-${CONFIGURATION}-output-files.xcfilelist",
			);
			runOnlyForDeploymentPostprocessing = 0;
			shellPath = /bin/sh;
			shellScript = "\"${PODS_ROOT}/Target Support Files/Pods-Parstagram/Pods-Parstagram-frameworks.sh\"\n";
			showEnvVarsInLog = 0;
		};
/* End PBXShellScriptBuildPhase section */

/* Begin PBXSourcesBuildPhase section */
		A38DC7E62408298400C96509 /* Sources */ = {
			isa = PBXSourcesBuildPhase;
			buildActionMask = 2147483647;
			files = (
				A332EE4924082D6800395776 /* LoginViewController.swift in Sources */,
				A332EE4D24086DB700395776 /* CameraViewController.swift in Sources */,
				A38DC7EE2408298400C96509 /* AppDelegate.swift in Sources */,
				A332EE4B24082D7A00395776 /* FeedViewController.swift in Sources */,
				A38DC7F02408298400C96509 /* SceneDelegate.swift in Sources */,
				A332EE4F2408827B00395776 /* PostCell.swift in Sources */,
				A380A1712411F2CB006792A5 /* CommentCell.swift in Sources */,
			);
			runOnlyForDeploymentPostprocessing = 0;
		};
		A38DC7FC2408298D00C96509 /* Sources */ = {
			isa = PBXSourcesBuildPhase;
			buildActionMask = 2147483647;
			files = (
				A38DC8052408298D00C96509 /* ParstagramTests.swift in Sources */,
			);
			runOnlyForDeploymentPostprocessing = 0;
		};
		A38DC8072408298D00C96509 /* Sources */ = {
			isa = PBXSourcesBuildPhase;
			buildActionMask = 2147483647;
			files = (
				A38DC8102408298D00C96509 /* ParstagramUITests.swift in Sources */,
			);
			runOnlyForDeploymentPostprocessing = 0;
		};
/* End PBXSourcesBuildPhase section */

/* Begin PBXTargetDependency section */
		A38DC8022408298D00C96509 /* PBXTargetDependency */ = {
			isa = PBXTargetDependency;
			target = A38DC7E92408298400C96509 /* Parstagram */;
			targetProxy = A38DC8012408298D00C96509 /* PBXContainerItemProxy */;
		};
		A38DC80D2408298D00C96509 /* PBXTargetDependency */ = {
			isa = PBXTargetDependency;
			target = A38DC7E92408298400C96509 /* Parstagram */;
			targetProxy = A38DC80C2408298D00C96509 /* PBXContainerItemProxy */;
		};
/* End PBXTargetDependency section */

/* Begin PBXVariantGroup section */
		A38DC7F32408298400C96509 /* Main.storyboard */ = {
			isa = PBXVariantGroup;
			children = (
				A38DC7F42408298400C96509 /* Base */,
			);
			name = Main.storyboard;
			sourceTree = "<group>";
		};
		A38DC7F82408298C00C96509 /* LaunchScreen.storyboard */ = {
			isa = PBXVariantGroup;
			children = (
				A38DC7F92408298C00C96509 /* Base */,
			);
			name = LaunchScreen.storyboard;
			sourceTree = "<group>";
		};
/* End PBXVariantGroup section */

/* Begin XCBuildConfiguration section */
		A38DC8122408298D00C96509 /* Debug */ = {
			isa = XCBuildConfiguration;
			buildSettings = {
				ALWAYS_SEARCH_USER_PATHS = NO;
				CLANG_ANALYZER_NONNULL = YES;
				CLANG_ANALYZER_NUMBER_OBJECT_CONVERSION = YES_AGGRESSIVE;
				CLANG_CXX_LANGUAGE_STANDARD = "gnu++14";
				CLANG_CXX_LIBRARY = "libc++";
				CLANG_ENABLE_MODULES = YES;
				CLANG_ENABLE_OBJC_ARC = YES;
				CLANG_ENABLE_OBJC_WEAK = YES;
				CLANG_WARN_BLOCK_CAPTURE_AUTORELEASING = YES;
				CLANG_WARN_BOOL_CONVERSION = YES;
				CLANG_WARN_COMMA = YES;
				CLANG_WARN_CONSTANT_CONVERSION = YES;
				CLANG_WARN_DEPRECATED_OBJC_IMPLEMENTATIONS = YES;
				CLANG_WARN_DIRECT_OBJC_ISA_USAGE = YES_ERROR;
				CLANG_WARN_DOCUMENTATION_COMMENTS = YES;
				CLANG_WARN_EMPTY_BODY = YES;
				CLANG_WARN_ENUM_CONVERSION = YES;
				CLANG_WARN_INFINITE_RECURSION = YES;
				CLANG_WARN_INT_CONVERSION = YES;
				CLANG_WARN_NON_LITERAL_NULL_CONVERSION = YES;
				CLANG_WARN_OBJC_IMPLICIT_RETAIN_SELF = YES;
				CLANG_WARN_OBJC_LITERAL_CONVERSION = YES;
				CLANG_WARN_OBJC_ROOT_CLASS = YES_ERROR;
				CLANG_WARN_RANGE_LOOP_ANALYSIS = YES;
				CLANG_WARN_STRICT_PROTOTYPES = YES;
				CLANG_WARN_SUSPICIOUS_MOVE = YES;
				CLANG_WARN_UNGUARDED_AVAILABILITY = YES_AGGRESSIVE;
				CLANG_WARN_UNREACHABLE_CODE = YES;
				CLANG_WARN__DUPLICATE_METHOD_MATCH = YES;
				COPY_PHASE_STRIP = NO;
				DEBUG_INFORMATION_FORMAT = dwarf;
				ENABLE_STRICT_OBJC_MSGSEND = YES;
				ENABLE_TESTABILITY = YES;
				GCC_C_LANGUAGE_STANDARD = gnu11;
				GCC_DYNAMIC_NO_PIC = NO;
				GCC_NO_COMMON_BLOCKS = YES;
				GCC_OPTIMIZATION_LEVEL = 0;
				GCC_PREPROCESSOR_DEFINITIONS = (
					"DEBUG=1",
					"$(inherited)",
				);
				GCC_WARN_64_TO_32_BIT_CONVERSION = YES;
				GCC_WARN_ABOUT_RETURN_TYPE = YES_ERROR;
				GCC_WARN_UNDECLARED_SELECTOR = YES;
				GCC_WARN_UNINITIALIZED_AUTOS = YES_AGGRESSIVE;
				GCC_WARN_UNUSED_FUNCTION = YES;
				GCC_WARN_UNUSED_VARIABLE = YES;
				IPHONEOS_DEPLOYMENT_TARGET = 13.2;
				MTL_ENABLE_DEBUG_INFO = INCLUDE_SOURCE;
				MTL_FAST_MATH = YES;
				ONLY_ACTIVE_ARCH = YES;
				SDKROOT = iphoneos;
				SWIFT_ACTIVE_COMPILATION_CONDITIONS = DEBUG;
				SWIFT_OPTIMIZATION_LEVEL = "-Onone";
			};
			name = Debug;
		};
		A38DC8132408298D00C96509 /* Release */ = {
			isa = XCBuildConfiguration;
			buildSettings = {
				ALWAYS_SEARCH_USER_PATHS = NO;
				CLANG_ANALYZER_NONNULL = YES;
				CLANG_ANALYZER_NUMBER_OBJECT_CONVERSION = YES_AGGRESSIVE;
				CLANG_CXX_LANGUAGE_STANDARD = "gnu++14";
				CLANG_CXX_LIBRARY = "libc++";
				CLANG_ENABLE_MODULES = YES;
				CLANG_ENABLE_OBJC_ARC = YES;
				CLANG_ENABLE_OBJC_WEAK = YES;
				CLANG_WARN_BLOCK_CAPTURE_AUTORELEASING = YES;
				CLANG_WARN_BOOL_CONVERSION = YES;
				CLANG_WARN_COMMA = YES;
				CLANG_WARN_CONSTANT_CONVERSION = YES;
				CLANG_WARN_DEPRECATED_OBJC_IMPLEMENTATIONS = YES;
				CLANG_WARN_DIRECT_OBJC_ISA_USAGE = YES_ERROR;
				CLANG_WARN_DOCUMENTATION_COMMENTS = YES;
				CLANG_WARN_EMPTY_BODY = YES;
				CLANG_WARN_ENUM_CONVERSION = YES;
				CLANG_WARN_INFINITE_RECURSION = YES;
				CLANG_WARN_INT_CONVERSION = YES;
				CLANG_WARN_NON_LITERAL_NULL_CONVERSION = YES;
				CLANG_WARN_OBJC_IMPLICIT_RETAIN_SELF = YES;
				CLANG_WARN_OBJC_LITERAL_CONVERSION = YES;
				CLANG_WARN_OBJC_ROOT_CLASS = YES_ERROR;
				CLANG_WARN_RANGE_LOOP_ANALYSIS = YES;
				CLANG_WARN_STRICT_PROTOTYPES = YES;
				CLANG_WARN_SUSPICIOUS_MOVE = YES;
				CLANG_WARN_UNGUARDED_AVAILABILITY = YES_AGGRESSIVE;
				CLANG_WARN_UNREACHABLE_CODE = YES;
				CLANG_WARN__DUPLICATE_METHOD_MATCH = YES;
				COPY_PHASE_STRIP = NO;
				DEBUG_INFORMATION_FORMAT = "dwarf-with-dsym";
				ENABLE_NS_ASSERTIONS = NO;
				ENABLE_STRICT_OBJC_MSGSEND = YES;
				GCC_C_LANGUAGE_STANDARD = gnu11;
				GCC_NO_COMMON_BLOCKS = YES;
				GCC_WARN_64_TO_32_BIT_CONVERSION = YES;
				GCC_WARN_ABOUT_RETURN_TYPE = YES_ERROR;
				GCC_WARN_UNDECLARED_SELECTOR = YES;
				GCC_WARN_UNINITIALIZED_AUTOS = YES_AGGRESSIVE;
				GCC_WARN_UNUSED_FUNCTION = YES;
				GCC_WARN_UNUSED_VARIABLE = YES;
				IPHONEOS_DEPLOYMENT_TARGET = 13.2;
				MTL_ENABLE_DEBUG_INFO = NO;
				MTL_FAST_MATH = YES;
				SDKROOT = iphoneos;
				SWIFT_COMPILATION_MODE = wholemodule;
				SWIFT_OPTIMIZATION_LEVEL = "-O";
				VALIDATE_PRODUCT = YES;
			};
			name = Release;
		};
		A38DC8152408298D00C96509 /* Debug */ = {
			isa = XCBuildConfiguration;
			baseConfigurationReference = 1CC0AF0864AA0B508350CCBE /* Pods-Parstagram.debug.xcconfig */;
			buildSettings = {
				ASSETCATALOG_COMPILER_APPICON_NAME = AppIcon;
				CODE_SIGN_STYLE = Automatic;
				INFOPLIST_FILE = Parstagram/Info.plist;
				LD_RUNPATH_SEARCH_PATHS = (
					"$(inherited)",
					"@executable_path/Frameworks",
				);
				PRODUCT_BUNDLE_IDENTIFIER = cst495.Parstagram;
				PRODUCT_NAME = "$(TARGET_NAME)";
				SWIFT_VERSION = 5.0;
				TARGETED_DEVICE_FAMILY = "1,2";
			};
			name = Debug;
		};
		A38DC8162408298D00C96509 /* Release */ = {
			isa = XCBuildConfiguration;
			baseConfigurationReference = 0059DE6C4A4CFB89FC9D529B /* Pods-Parstagram.release.xcconfig */;
			buildSettings = {
				ASSETCATALOG_COMPILER_APPICON_NAME = AppIcon;
				CODE_SIGN_STYLE = Automatic;
				INFOPLIST_FILE = Parstagram/Info.plist;
				LD_RUNPATH_SEARCH_PATHS = (
					"$(inherited)",
					"@executable_path/Frameworks",
				);
				PRODUCT_BUNDLE_IDENTIFIER = cst495.Parstagram;
				PRODUCT_NAME = "$(TARGET_NAME)";
				SWIFT_VERSION = 5.0;
				TARGETED_DEVICE_FAMILY = "1,2";
			};
			name = Release;
		};
		A38DC8182408298D00C96509 /* Debug */ = {
			isa = XCBuildConfiguration;
			baseConfigurationReference = D41599A03E810C97E809F63B /* Pods-ParstagramTests.debug.xcconfig */;
			buildSettings = {
				ALWAYS_EMBED_SWIFT_STANDARD_LIBRARIES = YES;
				BUNDLE_LOADER = "$(TEST_HOST)";
				CODE_SIGN_STYLE = Automatic;
				INFOPLIST_FILE = ParstagramTests/Info.plist;
				IPHONEOS_DEPLOYMENT_TARGET = 13.2;
				LD_RUNPATH_SEARCH_PATHS = (
					"$(inherited)",
					"@executable_path/Frameworks",
					"@loader_path/Frameworks",
				);
				PRODUCT_BUNDLE_IDENTIFIER = cst495.ParstagramTests;
				PRODUCT_NAME = "$(TARGET_NAME)";
				SWIFT_VERSION = 5.0;
				TARGETED_DEVICE_FAMILY = "1,2";
				TEST_HOST = "$(BUILT_PRODUCTS_DIR)/Parstagram.app/Parstagram";
			};
			name = Debug;
		};
		A38DC8192408298D00C96509 /* Release */ = {
			isa = XCBuildConfiguration;
			baseConfigurationReference = 529FB6F1C9758A416087AC77 /* Pods-ParstagramTests.release.xcconfig */;
			buildSettings = {
				ALWAYS_EMBED_SWIFT_STANDARD_LIBRARIES = YES;
				BUNDLE_LOADER = "$(TEST_HOST)";
				CODE_SIGN_STYLE = Automatic;
				INFOPLIST_FILE = ParstagramTests/Info.plist;
				IPHONEOS_DEPLOYMENT_TARGET = 13.2;
				LD_RUNPATH_SEARCH_PATHS = (
					"$(inherited)",
					"@executable_path/Frameworks",
					"@loader_path/Frameworks",
				);
				PRODUCT_BUNDLE_IDENTIFIER = cst495.ParstagramTests;
				PRODUCT_NAME = "$(TARGET_NAME)";
				SWIFT_VERSION = 5.0;
				TARGETED_DEVICE_FAMILY = "1,2";
				TEST_HOST = "$(BUILT_PRODUCTS_DIR)/Parstagram.app/Parstagram";
			};
			name = Release;
		};
		A38DC81B2408298D00C96509 /* Debug */ = {
			isa = XCBuildConfiguration;
			baseConfigurationReference = A0551A21840F0BD26D3F6756 /* Pods-Parstagram-ParstagramUITests.debug.xcconfig */;
			buildSettings = {
				ALWAYS_EMBED_SWIFT_STANDARD_LIBRARIES = YES;
				CODE_SIGN_STYLE = Automatic;
				INFOPLIST_FILE = ParstagramUITests/Info.plist;
				LD_RUNPATH_SEARCH_PATHS = (
					"$(inherited)",
					"@executable_path/Frameworks",
					"@loader_path/Frameworks",
				);
				PRODUCT_BUNDLE_IDENTIFIER = cst495.ParstagramUITests;
				PRODUCT_NAME = "$(TARGET_NAME)";
				SWIFT_VERSION = 5.0;
				TARGETED_DEVICE_FAMILY = "1,2";
				TEST_TARGET_NAME = Parstagram;
			};
			name = Debug;
		};
		A38DC81C2408298D00C96509 /* Release */ = {
			isa = XCBuildConfiguration;
			baseConfigurationReference = 465CCD7B06E50404E65AD99E /* Pods-Parstagram-ParstagramUITests.release.xcconfig */;
			buildSettings = {
				ALWAYS_EMBED_SWIFT_STANDARD_LIBRARIES = YES;
				CODE_SIGN_STYLE = Automatic;
				INFOPLIST_FILE = ParstagramUITests/Info.plist;
				LD_RUNPATH_SEARCH_PATHS = (
					"$(inherited)",
					"@executable_path/Frameworks",
					"@loader_path/Frameworks",
				);
				PRODUCT_BUNDLE_IDENTIFIER = cst495.ParstagramUITests;
				PRODUCT_NAME = "$(TARGET_NAME)";
				SWIFT_VERSION = 5.0;
				TARGETED_DEVICE_FAMILY = "1,2";
				TEST_TARGET_NAME = Parstagram;
			};
			name = Release;
		};
/* End XCBuildConfiguration section */

/* Begin XCConfigurationList section */
		A38DC7E52408298400C96509 /* Build configuration list for PBXProject "Parstagram" */ = {
			isa = XCConfigurationList;
			buildConfigurations = (
				A38DC8122408298D00C96509 /* Debug */,
				A38DC8132408298D00C96509 /* Release */,
			);
			defaultConfigurationIsVisible = 0;
			defaultConfigurationName = Release;
		};
		A38DC8142408298D00C96509 /* Build configuration list for PBXNativeTarget "Parstagram" */ = {
			isa = XCConfigurationList;
			buildConfigurations = (
				A38DC8152408298D00C96509 /* Debug */,
				A38DC8162408298D00C96509 /* Release */,
			);
			defaultConfigurationIsVisible = 0;
			defaultConfigurationName = Release;
		};
		A38DC8172408298D00C96509 /* Build configuration list for PBXNativeTarget "ParstagramTests" */ = {
			isa = XCConfigurationList;
			buildConfigurations = (
				A38DC8182408298D00C96509 /* Debug */,
				A38DC8192408298D00C96509 /* Release */,
			);
			defaultConfigurationIsVisible = 0;
			defaultConfigurationName = Release;
		};
		A38DC81A2408298D00C96509 /* Build configuration list for PBXNativeTarget "ParstagramUITests" */ = {
			isa = XCConfigurationList;
			buildConfigurations = (
				A38DC81B2408298D00C96509 /* Debug */,
				A38DC81C2408298D00C96509 /* Release */,
			);
			defaultConfigurationIsVisible = 0;
			defaultConfigurationName = Release;
		};
/* End XCConfigurationList section */
	};
	rootObject = A38DC7E22408298400C96509 /* Project object */;
}
